
Microsoft Visual Studio Solution File, Format Version 12.00
# Visual Studio Version 16
VisualStudioVersion = 16.0.31829.152
MinimumVisualStudioVersion = 10.0.40219.1
Project("{FAE04EC0-301F-11D3-BF4B-00C04F79EFBC}") = "ConjugateVerbs", "ConjugateVerbs\ConjugateVerbs.csproj", "{186B5725-7060-4EA4-B233-5844EF2DA466}"
EndProject
Global
	GlobalSection(SolutionConfigurationPlatforms) = preSolution
		Debug|Any CPU = Debug|Any CPU
		Release|Any CPU = Release|Any CPU
	EndGlobalSection
	GlobalSection(ProjectConfigurationPlatforms) = postSolution
		{186B5725-7060-4EA4-B233-5844EF2DA466}.Debug|Any CPU.ActiveCfg = Debug|Any CPU
		{186B5725-7060-4EA4-B233-5844EF2DA466}.Debug|Any CPU.Build.0 = Debug|Any CPU
		{186B5725-7060-4EA4-B233-5844EF2DA466}.Release|Any CPU.ActiveCfg = Release|Any CPU
		{186B5725-7060-4EA4-B233-5844EF2DA466}.Release|Any CPU.Build.0 = Release|Any CPU
	EndGlobalSection
	GlobalSection(SolutionProperties) = preSolution
		HideSolutionNode = FALSE
	EndGlobalSection
	GlobalSection(ExtensibilityGlobals) = postSolution
		SolutionGuid = {D639B154-07B8-476A-A4F7-78293A8ADE2C}
	EndGlobalSection
EndGlobal
